// !$*UTF8*$!
{
	archiveVersion = 1;
	classes = {
	};
	objectVersion = 50;
	objects = {

/* Begin PBXBuildFile section */
		4766101325D392CC00BFCDA9 /* AppDelegate.swift in Sources */ = {isa = PBXBuildFile; fileRef = 4766101225D392CC00BFCDA9 /* AppDelegate.swift */; };
		4766101525D392CC00BFCDA9 /* SceneDelegate.swift in Sources */ = {isa = PBXBuildFile; fileRef = 4766101425D392CC00BFCDA9 /* SceneDelegate.swift */; };
		4766101725D392CC00BFCDA9 /* ViewController.swift in Sources */ = {isa = PBXBuildFile; fileRef = 4766101625D392CC00BFCDA9 /* ViewController.swift */; };
		4766101A25D392CC00BFCDA9 /* Main.storyboard in Resources */ = {isa = PBXBuildFile; fileRef = 4766101825D392CC00BFCDA9 /* Main.storyboard */; };
		4766101C25D392D300BFCDA9 /* Assets.xcassets in Resources */ = {isa = PBXBuildFile; fileRef = 4766101B25D392D300BFCDA9 /* Assets.xcassets */; };
		4766101F25D392D300BFCDA9 /* LaunchScreen.storyboard in Resources */ = {isa = PBXBuildFile; fileRef = 4766101D25D392D300BFCDA9 /* LaunchScreen.storyboard */; };
		4766102A25D392D300BFCDA9 /* flixsterTests.swift in Sources */ = {isa = PBXBuildFile; fileRef = 4766102925D392D300BFCDA9 /* flixsterTests.swift */; };
		4766103525D392D300BFCDA9 /* flixsterUITests.swift in Sources */ = {isa = PBXBuildFile; fileRef = 4766103425D392D300BFCDA9 /* flixsterUITests.swift */; };
/* End PBXBuildFile section */

/* Begin PBXContainerItemProxy section */
		4766102625D392D300BFCDA9 /* PBXContainerItemProxy */ = {
			isa = PBXContainerItemProxy;
			containerPortal = 4766100725D392CC00BFCDA9 /* Project object */;
			proxyType = 1;
			remoteGlobalIDString = 4766100E25D392CC00BFCDA9;
			remoteInfo = flixster;
		};
		4766103125D392D300BFCDA9 /* PBXContainerItemProxy */ = {
			isa = PBXContainerItemProxy;
			containerPortal = 4766100725D392CC00BFCDA9 /* Project object */;
			proxyType = 1;
			remoteGlobalIDString = 4766100E25D392CC00BFCDA9;
			remoteInfo = flixster;
		};
/* End PBXContainerItemProxy section */

/* Begin PBXFileReference section */
		4766100F25D392CC00BFCDA9 /* flixster.app */ = {isa = PBXFileReference; explicitFileType = wrapper.application; includeInIndex = 0; path = flixster.app; sourceTree = BUILT_PRODUCTS_DIR; };
		4766101225D392CC00BFCDA9 /* AppDelegate.swift */ = {isa = PBXFileReference; lastKnownFileType = sourcecode.swift; path = AppDelegate.swift; sourceTree = "<group>"; };
		4766101425D392CC00BFCDA9 /* SceneDelegate.swift */ = {isa = PBXFileReference; lastKnownFileType = sourcecode.swift; path = SceneDelegate.swift; sourceTree = "<group>"; };
		4766101625D392CC00BFCDA9 /* ViewController.swift */ = {isa = PBXFileReference; lastKnownFileType = sourcecode.swift; path = ViewController.swift; sourceTree = "<group>"; };
		4766101925D392CC00BFCDA9 /* Base */ = {isa = PBXFileReference; lastKnownFileType = file.storyboard; name = Base; path = Base.lproj/Main.storyboard; sourceTree = "<group>"; };
		4766101B25D392D300BFCDA9 /* Assets.xcassets */ = {isa = PBXFileReference; lastKnownFileType = folder.assetcatalog; path = Assets.xcassets; sourceTree = "<group>"; };
		4766101E25D392D300BFCDA9 /* Base */ = {isa = PBXFileReference; lastKnownFileType = file.storyboard; name = Base; path = Base.lproj/LaunchScreen.storyboard; sourceTree = "<group>"; };
		4766102025D392D300BFCDA9 /* Info.plist */ = {isa = PBXFileReference; lastKnownFileType = text.plist.xml; path = Info.plist; sourceTree = "<group>"; };
		4766102525D392D300BFCDA9 /* flixsterTests.xctest */ = {isa = PBXFileReference; explicitFileType = wrapper.cfbundle; includeInIndex = 0; path = flixsterTests.xctest; sourceTree = BUILT_PRODUCTS_DIR; };
		4766102925D392D300BFCDA9 /* flixsterTests.swift */ = {isa = PBXFileReference; lastKnownFileType = sourcecode.swift; path = flixsterTests.swift; sourceTree = "<group>"; };
		4766102B25D392D300BFCDA9 /* Info.plist */ = {isa = PBXFileReference; lastKnownFileType = text.plist.xml; path = Info.plist; sourceTree = "<group>"; };
		4766103025D392D300BFCDA9 /* flixsterUITests.xctest */ = {isa = PBXFileReference; explicitFileType = wrapper.cfbundle; includeInIndex = 0; path = flixsterUITests.xctest; sourceTree = BUILT_PRODUCTS_DIR; };
		4766103425D392D300BFCDA9 /* flixsterUITests.swift */ = {isa = PBXFileReference; lastKnownFileType = sourcecode.swift; path = flixsterUITests.swift; sourceTree = "<group>"; };
		4766103625D392D300BFCDA9 /* Info.plist */ = {isa = PBXFileReference; lastKnownFileType = text.plist.xml; path = Info.plist; sourceTree = "<group>"; };
/* End PBXFileReference section */

/* Begin PBXFrameworksBuildPhase section */
		4766100C25D392CC00BFCDA9 /* Frameworks */ = {
			isa = PBXFrameworksBuildPhase;
			buildActionMask = 2147483647;
			files = (
			);
			runOnlyForDeploymentPostprocessing = 0;
		};
		4766102225D392D300BFCDA9 /* Frameworks */ = {
			isa = PBXFrameworksBuildPhase;
			buildActionMask = 2147483647;
			files = (
			);
			runOnlyForDeploymentPostprocessing = 0;
		};
		4766102D25D392D300BFCDA9 /* Frameworks */ = {
			isa = PBXFrameworksBuildPhase;
			buildActionMask = 2147483647;
			files = (
			);
			runOnlyForDeploymentPostprocessing = 0;
		};
/* End PBXFrameworksBuildPhase section */

/* Begin PBXGroup section */
		4766100625D392CC00BFCDA9 = {
			isa = PBXGroup;
			children = (
				4766101125D392CC00BFCDA9 /* flixster */,
				4766102825D392D300BFCDA9 /* flixsterTests */,
				4766103325D392D300BFCDA9 /* flixsterUITests */,
				4766101025D392CC00BFCDA9 /* Products */,
			);
			sourceTree = "<group>";
		};
		4766101025D392CC00BFCDA9 /* Products */ = {
			isa = PBXGroup;
			children = (
				4766100F25D392CC00BFCDA9 /* flixster.app */,
				4766102525D392D300BFCDA9 /* flixsterTests.xctest */,
				4766103025D392D300BFCDA9 /* flixsterUITests.xctest */,
			);
			name = Products;
			sourceTree = "<group>";
		};
		4766101125D392CC00BFCDA9 /* flixster */ = {
			isa = PBXGroup;
			children = (
				4766101225D392CC00BFCDA9 /* AppDelegate.swift */,
				4766101425D392CC00BFCDA9 /* SceneDelegate.swift */,
				4766101625D392CC00BFCDA9 /* ViewController.swift */,
				4766101825D392CC00BFCDA9 /* Main.storyboard */,
				4766101B25D392D300BFCDA9 /* Assets.xcassets */,
				4766101D25D392D300BFCDA9 /* LaunchScreen.storyboard */,
				4766102025D392D300BFCDA9 /* Info.plist */,
			);
			path = flixster;
			sourceTree = "<group>";
		};
		4766102825D392D300BFCDA9 /* flixsterTests */ = {
			isa = PBXGroup;
			children = (
				4766102925D392D300BFCDA9 /* flixsterTests.swift */,
				4766102B25D392D300BFCDA9 /* Info.plist */,
			);
			path = flixsterTests;
			sourceTree = "<group>";
		};
		4766103325D392D300BFCDA9 /* flixsterUITests */ = {
			isa = PBXGroup;
			children = (
				4766103425D392D300BFCDA9 /* flixsterUITests.swift */,
				4766103625D392D300BFCDA9 /* Info.plist */,
			);
			path = flixsterUITests;
			sourceTree = "<group>";
		};
/* End PBXGroup section */

/* Begin PBXNativeTarget section */
		4766100E25D392CC00BFCDA9 /* flixster */ = {
			isa = PBXNativeTarget;
			buildConfigurationList = 4766103925D392D300BFCDA9 /* Build configuration list for PBXNativeTarget "flixster" */;
			buildPhases = (
				4766100B25D392CC00BFCDA9 /* Sources */,
				4766100C25D392CC00BFCDA9 /* Frameworks */,
				4766100D25D392CC00BFCDA9 /* Resources */,
			);
			buildRules = (
			);
			dependencies = (
			);
			name = flixster;
			productName = flixster;
			productReference = 4766100F25D392CC00BFCDA9 /* flixster.app */;
			productType = "com.apple.product-type.application";
		};
		4766102425D392D300BFCDA9 /* flixsterTests */ = {
			isa = PBXNativeTarget;
			buildConfigurationList = 4766103C25D392D400BFCDA9 /* Build configuration list for PBXNativeTarget "flixsterTests" */;
			buildPhases = (
				4766102125D392D300BFCDA9 /* Sources */,
				4766102225D392D300BFCDA9 /* Frameworks */,
				4766102325D392D300BFCDA9 /* Resources */,
			);
			buildRules = (
			);
			dependencies = (
				4766102725D392D300BFCDA9 /* PBXTargetDependency */,
			);
			name = flixsterTests;
			productName = flixsterTests;
			productReference = 4766102525D392D300BFCDA9 /* flixsterTests.xctest */;
			productType = "com.apple.product-type.bundle.unit-test";
		};
		4766102F25D392D300BFCDA9 /* flixsterUITests */ = {
			isa = PBXNativeTarget;
			buildConfigurationList = 4766103F25D392D400BFCDA9 /* Build configuration list for PBXNativeTarget "flixsterUITests" */;
			buildPhases = (
				4766102C25D392D300BFCDA9 /* Sources */,
				4766102D25D392D300BFCDA9 /* Frameworks */,
				4766102E25D392D300BFCDA9 /* Resources */,
			);
			buildRules = (
			);
			dependencies = (
				4766103225D392D300BFCDA9 /* PBXTargetDependency */,
			);
			name = flixsterUITests;
			productName = flixsterUITests;
			productReference = 4766103025D392D300BFCDA9 /* flixsterUITests.xctest */;
			productType = "com.apple.product-type.bundle.ui-testing";
		};
/* End PBXNativeTarget section */

/* Begin PBXProject section */
		4766100725D392CC00BFCDA9 /* Project object */ = {
			isa = PBXProject;
			attributes = {
				LastSwiftUpdateCheck = 1240;
				LastUpgradeCheck = 1240;
				TargetAttributes = {
					4766100E25D392CC00BFCDA9 = {
						CreatedOnToolsVersion = 12.4;
					};
					4766102425D392D300BFCDA9 = {
						CreatedOnToolsVersion = 12.4;
						TestTargetID = 4766100E25D392CC00BFCDA9;
					};
					4766102F25D392D300BFCDA9 = {
						CreatedOnToolsVersion = 12.4;
						TestTargetID = 4766100E25D392CC00BFCDA9;
					};
				};
			};
			buildConfigurationList = 4766100A25D392CC00BFCDA9 /* Build configuration list for PBXProject "flixster" */;
			compatibilityVersion = "Xcode 9.3";
			developmentRegion = en;
			hasScannedForEncodings = 0;
			knownRegions = (
				en,
				Base,
			);
			mainGroup = 4766100625D392CC00BFCDA9;
			productRefGroup = 4766101025D392CC00BFCDA9 /* Products */;
			projectDirPath = "";
			projectRoot = "";
			targets = (
				4766100E25D392CC00BFCDA9 /* flixster */,
				4766102425D392D300BFCDA9 /* flixsterTests */,
				4766102F25D392D300BFCDA9 /* flixsterUITests */,
			);
		};
/* End PBXProject section */

/* Begin PBXResourcesBuildPhase section */
		4766100D25D392CC00BFCDA9 /* Resources */ = {
			isa = PBXResourcesBuildPhase;
			buildActionMask = 2147483647;
			files = (
				4766101F25D392D300BFCDA9 /* LaunchScreen.storyboard in Resources */,
				4766101C25D392D300BFCDA9 /* Assets.xcassets in Resources */,
				4766101A25D392CC00BFCDA9 /* Main.storyboard in Resources */,
			);
			runOnlyForDeploymentPostprocessing = 0;
		};
		4766102325D392D300BFCDA9 /* Resources */ = {
			isa = PBXResourcesBuildPhase;
			buildActionMask = 2147483647;
			files = (
			);
			runOnlyForDeploymentPostprocessing = 0;
		};
		4766102E25D392D300BFCDA9 /* Resources */ = {
			isa = PBXResourcesBuildPhase;
			buildActionMask = 2147483647;
			files = (
			);
			runOnlyForDeploymentPostprocessing = 0;
		};
/* End PBXResourcesBuildPhase section */

/* Begin PBXSourcesBuildPhase section */
		4766100B25D392CC00BFCDA9 /* Sources */ = {
			isa = PBXSourcesBuildPhase;
			buildActionMask = 2147483647;
			files = (
				4766101725D392CC00BFCDA9 /* ViewController.swift in Sources */,
				4766101325D392CC00BFCDA9 /* AppDelegate.swift in Sources */,
				4766101525D392CC00BFCDA9 /* SceneDelegate.swift in Sources */,
			);
			runOnlyForDeploymentPostprocessing = 0;
		};
		4766102125D392D300BFCDA9 /* Sources */ = {
			isa = PBXSourcesBuildPhase;
			buildActionMask = 2147483647;
			files = (
				4766102A25D392D300BFCDA9 /* flixsterTests.swift in Sources */,
			);
			runOnlyForDeploymentPostprocessing = 0;
		};
		4766102C25D392D300BFCDA9 /* Sources */ = {
			isa = PBXSourcesBuildPhase;
			buildActionMask = 2147483647;
			files = (
				4766103525D392D300BFCDA9 /* flixsterUITests.swift in Sources */,
			);
			runOnlyForDeploymentPostprocessing = 0;
		};
/* End PBXSourcesBuildPhase section */

/* Begin PBXTargetDependency section */
		4766102725D392D300BFCDA9 /* PBXTargetDependency */ = {
			isa = PBXTargetDependency;
			target = 4766100E25D392CC00BFCDA9 /* flixster */;
			targetProxy = 4766102625D392D300BFCDA9 /* PBXContainerItemProxy */;
		};
		4766103225D392D300BFCDA9 /* PBXTargetDependency */ = {
			isa = PBXTargetDependency;
			target = 4766100E25D392CC00BFCDA9 /* flixster */;
			targetProxy = 4766103125D392D300BFCDA9 /* PBXContainerItemProxy */;
		};
/* End PBXTargetDependency section */

/* Begin PBXVariantGroup section */
		4766101825D392CC00BFCDA9 /* Main.storyboard */ = {
			isa = PBXVariantGroup;
			children = (
				4766101925D392CC00BFCDA9 /* Base */,
			);
			name = Main.storyboard;
			sourceTree = "<group>";
		};
		4766101D25D392D300BFCDA9 /* LaunchScreen.storyboard */ = {
			isa = PBXVariantGroup;
			children = (
				4766101E25D392D300BFCDA9 /* Base */,
			);
			name = LaunchScreen.storyboard;
			sourceTree = "<group>";
		};
/* End PBXVariantGroup section */

/* Begin XCBuildConfiguration section */
		4766103725D392D300BFCDA9 /* Debug */ = {
			isa = XCBuildConfiguration;
			buildSettings = {
				ALWAYS_SEARCH_USER_PATHS = NO;
				CLANG_ANALYZER_NONNULL = YES;
				CLANG_ANALYZER_NUMBER_OBJECT_CONVERSION = YES_AGGRESSIVE;
				CLANG_CXX_LANGUAGE_STANDARD = "gnu++14";
				CLANG_CXX_LIBRARY = "libc++";
				CLANG_ENABLE_MODULES = YES;
				CLANG_ENABLE_OBJC_ARC = YES;
				CLANG_ENABLE_OBJC_WEAK = YES;
				CLANG_WARN_BLOCK_CAPTURE_AUTORELEASING = YES;
				CLANG_WARN_BOOL_CONVERSION = YES;
				CLANG_WARN_COMMA = YES;
				CLANG_WARN_CONSTANT_CONVERSION = YES;
				CLANG_WARN_DEPRECATED_OBJC_IMPLEMENTATIONS = YES;
				CLANG_WARN_DIRECT_OBJC_ISA_USAGE = YES_ERROR;
				CLANG_WARN_DOCUMENTATION_COMMENTS = YES;
				CLANG_WARN_EMPTY_BODY = YES;
				CLANG_WARN_ENUM_CONVERSION = YES;
				CLANG_WARN_INFINITE_RECURSION = YES;
				CLANG_WARN_INT_CONVERSION = YES;
				CLANG_WARN_NON_LITERAL_NULL_CONVERSION = YES;
				CLANG_WARN_OBJC_IMPLICIT_RETAIN_SELF = YES;
				CLANG_WARN_OBJC_LITERAL_CONVERSION = YES;
				CLANG_WARN_OBJC_ROOT_CLASS = YES_ERROR;
				CLANG_WARN_QUOTED_INCLUDE_IN_FRAMEWORK_HEADER = YES;
				CLANG_WARN_RANGE_LOOP_ANALYSIS = YES;
				CLANG_WARN_STRICT_PROTOTYPES = YES;
				CLANG_WARN_SUSPICIOUS_MOVE = YES;
				CLANG_WARN_UNGUARDED_AVAILABILITY = YES_AGGRESSIVE;
				CLANG_WARN_UNREACHABLE_CODE = YES;
				CLANG_WARN__DUPLICATE_METHOD_MATCH = YES;
				COPY_PHASE_STRIP = NO;
				DEBUG_INFORMATION_FORMAT = dwarf;
				ENABLE_STRICT_OBJC_MSGSEND = YES;
				ENABLE_TESTABILITY = YES;
				GCC_C_LANGUAGE_STANDARD = gnu11;
				GCC_DYNAMIC_NO_PIC = NO;
				GCC_NO_COMMON_BLOCKS = YES;
				GCC_OPTIMIZATION_LEVEL = 0;
				GCC_PREPROCESSOR_DEFINITIONS = (
					"DEBUG=1",
					"$(inherited)",
				);
				GCC_WARN_64_TO_32_BIT_CONVERSION = YES;
				GCC_WARN_ABOUT_RETURN_TYPE = YES_ERROR;
				GCC_WARN_UNDECLARED_SELECTOR = YES;
				GCC_WARN_UNINITIALIZED_AUTOS = YES_AGGRESSIVE;
				GCC_WARN_UNUSED_FUNCTION = YES;
				GCC_WARN_UNUSED_VARIABLE = YES;
				IPHONEOS_DEPLOYMENT_TARGET = 14.4;
				MTL_ENABLE_DEBUG_INFO = INCLUDE_SOURCE;
				MTL_FAST_MATH = YES;
				ONLY_ACTIVE_ARCH = YES;
				SDKROOT = iphoneos;
				SWIFT_ACTIVE_COMPILATION_CONDITIONS = DEBUG;
				SWIFT_OPTIMIZATION_LEVEL = "-Onone";
			};
			name = Debug;
		};
		4766103825D392D300BFCDA9 /* Release */ = {
			isa = XCBuildConfiguration;
			buildSettings = {
				ALWAYS_SEARCH_USER_PATHS = NO;
				CLANG_ANALYZER_NONNULL = YES;
				CLANG_ANALYZER_NUMBER_OBJECT_CONVERSION = YES_AGGRESSIVE;
				CLANG_CXX_LANGUAGE_STANDARD = "gnu++14";
				CLANG_CXX_LIBRARY = "libc++";
				CLANG_ENABLE_MODULES = YES;
				CLANG_ENABLE_OBJC_ARC = YES;
				CLANG_ENABLE_OBJC_WEAK = YES;
				CLANG_WARN_BLOCK_CAPTURE_AUTORELEASING = YES;
				CLANG_WARN_BOOL_CONVERSION = YES;
				CLANG_WARN_COMMA = YES;
				CLANG_WARN_CONSTANT_CONVERSION = YES;
				CLANG_WARN_DEPRECATED_OBJC_IMPLEMENTATIONS = YES;
				CLANG_WARN_DIRECT_OBJC_ISA_USAGE = YES_ERROR;
				CLANG_WARN_DOCUMENTATION_COMMENTS = YES;
				CLANG_WARN_EMPTY_BODY = YES;
				CLANG_WARN_ENUM_CONVERSION = YES;
				CLANG_WARN_INFINITE_RECURSION = YES;
				CLANG_WARN_INT_CONVERSION = YES;
				CLANG_WARN_NON_LITERAL_NULL_CONVERSION = YES;
				CLANG_WARN_OBJC_IMPLICIT_RETAIN_SELF = YES;
				CLANG_WARN_OBJC_LITERAL_CONVERSION = YES;
				CLANG_WARN_OBJC_ROOT_CLASS = YES_ERROR;
				CLANG_WARN_QUOTED_INCLUDE_IN_FRAMEWORK_HEADER = YES;
				CLANG_WARN_RANGE_LOOP_ANALYSIS = YES;
				CLANG_WARN_STRICT_PROTOTYPES = YES;
				CLANG_WARN_SUSPICIOUS_MOVE = YES;
				CLANG_WARN_UNGUARDED_AVAILABILITY = YES_AGGRESSIVE;
				CLANG_WARN_UNREACHABLE_CODE = YES;
				CLANG_WARN__DUPLICATE_METHOD_MATCH = YES;
				COPY_PHASE_STRIP = NO;
				DEBUG_INFORMATION_FORMAT = "dwarf-with-dsym";
				ENABLE_NS_ASSERTIONS = NO;
				ENABLE_STRICT_OBJC_MSGSEND = YES;
				GCC_C_LANGUAGE_STANDARD = gnu11;
				GCC_NO_COMMON_BLOCKS = YES;
				GCC_WARN_64_TO_32_BIT_CONVERSION = YES;
				GCC_WARN_ABOUT_RETURN_TYPE = YES_ERROR;
				GCC_WARN_UNDECLARED_SELECTOR = YES;
				GCC_WARN_UNINITIALIZED_AUTOS = YES_AGGRESSIVE;
				GCC_WARN_UNUSED_FUNCTION = YES;
				GCC_WARN_UNUSED_VARIABLE = YES;
				IPHONEOS_DEPLOYMENT_TARGET = 14.4;
				MTL_ENABLE_DEBUG_INFO = NO;
				MTL_FAST_MATH = YES;
				SDKROOT = iphoneos;
				SWIFT_COMPILATION_MODE = wholemodule;
				SWIFT_OPTIMIZATION_LEVEL = "-O";
				VALIDATE_PRODUCT = YES;
			};
			name = Release;
		};
		4766103A25D392D300BFCDA9 /* Debug */ = {
			isa = XCBuildConfiguration;
			buildSettings = {
				ASSETCATALOG_COMPILER_APPICON_NAME = AppIcon;
				ASSETCATALOG_COMPILER_GLOBAL_ACCENT_COLOR_NAME = AccentColor;
				CODE_SIGN_STYLE = Automatic;
				INFOPLIST_FILE = flixster/Info.plist;
				LD_RUNPATH_SEARCH_PATHS = (
					"$(inherited)",
					"@executable_path/Frameworks",
				);
				PRODUCT_BUNDLE_IDENTIFIER = Rebecca650.flixster;
				PRODUCT_NAME = "$(TARGET_NAME)";
				SWIFT_VERSION = 5.0;
				TARGETED_DEVICE_FAMILY = "1,2";
			};
			name = Debug;
		};
		4766103B25D392D300BFCDA9 /* Release */ = {
			isa = XCBuildConfiguration;
			buildSettings = {
				ASSETCATALOG_COMPILER_APPICON_NAME = AppIcon;
				ASSETCATALOG_COMPILER_GLOBAL_ACCENT_COLOR_NAME = AccentColor;
				CODE_SIGN_STYLE = Automatic;
				INFOPLIST_FILE = flixster/Info.plist;
				LD_RUNPATH_SEARCH_PATHS = (
					"$(inherited)",
					"@executable_path/Frameworks",
				);
				PRODUCT_BUNDLE_IDENTIFIER = Rebecca650.flixster;
				PRODUCT_NAME = "$(TARGET_NAME)";
				SWIFT_VERSION = 5.0;
				TARGETED_DEVICE_FAMILY = "1,2";
			};
			name = Release;
		};
		4766103D25D392D400BFCDA9 /* Debug */ = {
			isa = XCBuildConfiguration;
			buildSettings = {
				ALWAYS_EMBED_SWIFT_STANDARD_LIBRARIES = YES;
				BUNDLE_LOADER = "$(TEST_HOST)";
				CODE_SIGN_STYLE = Automatic;
				INFOPLIST_FILE = flixsterTests/Info.plist;
				IPHONEOS_DEPLOYMENT_TARGET = 14.4;
				LD_RUNPATH_SEARCH_PATHS = (
					"$(inherited)",
					"@executable_path/Frameworks",
					"@loader_path/Frameworks",
				);
				PRODUCT_BUNDLE_IDENTIFIER = Rebecca650.flixsterTests;
				PRODUCT_NAME = "$(TARGET_NAME)";
				SWIFT_VERSION = 5.0;
				TARGETED_DEVICE_FAMILY = "1,2";
				TEST_HOST = "$(BUILT_PRODUCTS_DIR)/flixster.app/flixster";
			};
			name = Debug;
		};
		4766103E25D392D400BFCDA9 /* Release */ = {
			isa = XCBuildConfiguration;
			buildSettings = {
				ALWAYS_EMBED_SWIFT_STANDARD_LIBRARIES = YES;
				BUNDLE_LOADER = "$(TEST_HOST)";
				CODE_SIGN_STYLE = Automatic;
				INFOPLIST_FILE = flixsterTests/Info.plist;
				IPHONEOS_DEPLOYMENT_TARGET = 14.4;
				LD_RUNPATH_SEARCH_PATHS = (
					"$(inherited)",
					"@executable_path/Frameworks",
					"@loader_path/Frameworks",
				);
				PRODUCT_BUNDLE_IDENTIFIER = Rebecca650.flixsterTests;
				PRODUCT_NAME = "$(TARGET_NAME)";
				SWIFT_VERSION = 5.0;
				TARGETED_DEVICE_FAMILY = "1,2";
				TEST_HOST = "$(BUILT_PRODUCTS_DIR)/flixster.app/flixster";
			};
			name = Release;
		};
		4766104025D392D400BFCDA9 /* Debug */ = {
			isa = XCBuildConfiguration;
			buildSettings = {
				ALWAYS_EMBED_SWIFT_STANDARD_LIBRARIES = YES;
				CODE_SIGN_STYLE = Automatic;
				INFOPLIST_FILE = flixsterUITests/Info.plist;
				LD_RUNPATH_SEARCH_PATHS = (
					"$(inherited)",
					"@executable_path/Frameworks",
					"@loader_path/Frameworks",
				);
				PRODUCT_BUNDLE_IDENTIFIER = Rebecca650.flixsterUITests;
				PRODUCT_NAME = "$(TARGET_NAME)";
				SWIFT_VERSION = 5.0;
				TARGETED_DEVICE_FAMILY = "1,2";
				TEST_TARGET_NAME = flixster;
			};
			name = Debug;
		};
		4766104125D392D400BFCDA9 /* Release */ = {
			isa = XCBuildConfiguration;
			buildSettings = {
				ALWAYS_EMBED_SWIFT_STANDARD_LIBRARIES = YES;
				CODE_SIGN_STYLE = Automatic;
				INFOPLIST_FILE = flixsterUITests/Info.plist;
				LD_RUNPATH_SEARCH_PATHS = (
					"$(inherited)",
					"@executable_path/Frameworks",
					"@loader_path/Frameworks",
				);
				PRODUCT_BUNDLE_IDENTIFIER = Rebecca650.flixsterUITests;
				PRODUCT_NAME = "$(TARGET_NAME)";
				SWIFT_VERSION = 5.0;
				TARGETED_DEVICE_FAMILY = "1,2";
				TEST_TARGET_NAME = flixster;
			};
			name = Release;
		};
/* End XCBuildConfiguration section */

/* Begin XCConfigurationList section */
		4766100A25D392CC00BFCDA9 /* Build configuration list for PBXProject "flixster" */ = {
			isa = XCConfigurationList;
			buildConfigurations = (
				4766103725D392D300BFCDA9 /* Debug */,
				4766103825D392D300BFCDA9 /* Release */,
			);
			defaultConfigurationIsVisible = 0;
			defaultConfigurationName = Release;
		};
		4766103925D392D300BFCDA9 /* Build configuration list for PBXNativeTarget "flixster" */ = {
			isa = XCConfigurationList;
			buildConfigurations = (
				4766103A25D392D300BFCDA9 /* Debug */,
				4766103B25D392D300BFCDA9 /* Release */,
			);
			defaultConfigurationIsVisible = 0;
			defaultConfigurationName = Release;
		};
		4766103C25D392D400BFCDA9 /* Build configuration list for PBXNativeTarget "flixsterTests" */ = {
			isa = XCConfigurationList;
			buildConfigurations = (
				4766103D25D392D400BFCDA9 /* Debug */,
				4766103E25D392D400BFCDA9 /* Release */,
			);
			defaultConfigurationIsVisible = 0;
			defaultConfigurationName = Release;
		};
		4766103F25D392D400BFCDA9 /* Build configuration list for PBXNativeTarget "flixsterUITests" */ = {
			isa = XCConfigurationList;
			buildConfigurations = (
				4766104025D392D400BFCDA9 /* Debug */,
				4766104125D392D400BFCDA9 /* Release */,
			);
			defaultConfigurationIsVisible = 0;
			defaultConfigurationName = Release;
		};
/* End XCConfigurationList section */
	};
	rootObject = 4766100725D392CC00BFCDA9 /* Project object */;
}
